{
    "_meta": {
        "hash": {
            "sha256": "7c77039e12d818dabb8de1461ecedf1cbbf34693340c8796243d7ab27106e5cb"
        },
        "pipfile-spec": 6,
        "requires": {},
        "sources": [
            {
                "name": "pypi",
                "url": "https://pypi.org/simple",
                "verify_ssl": true
            }
        ]
    },
    "default": {
        "aiocontextvars": {
            "hashes": [
                "sha256:885daf8261818767d8f7cbd79f9d4482d118f024b6586ef6e67980236a27bfa3",
                "sha256:f027372dc48641f683c559f247bd84962becaacdc9ba711d583c3871fb5652aa"
            ],
            "index": "pypi",
            "version": "==0.2.2"
        },
        "certifi": {
            "hashes": [
                "sha256:5930595817496dd21bb8dc35dad090f1c2cd0adfaf21204bf6732ca5d8ee34d3",
                "sha256:8fc0819f1f30ba15bdb34cceffb9ef04d99f420f68eb75d901e9560b8749fc41"
            ],
            "version": "==2020.6.20"
        },
        "cffi": {
            "hashes": [
                "sha256:267adcf6e68d77ba154334a3e4fc921b8e63cbb38ca00d33d40655d4228502bc",
                "sha256:26f33e8f6a70c255767e3c3f957ccafc7f1f706b966e110b855bfe944511f1f9",
                "sha256:3cd2c044517f38d1b577f05927fb9729d3396f1d44d0c659a445599e79519792",
                "sha256:4a03416915b82b81af5502459a8a9dd62a3c299b295dcdf470877cb948d655f2",
                "sha256:4ce1e995aeecf7cc32380bc11598bfdfa017d592259d5da00fc7ded11e61d022",
                "sha256:4f53e4128c81ca3212ff4cf097c797ab44646a40b42ec02a891155cd7a2ba4d8",
                "sha256:4fa72a52a906425416f41738728268072d5acfd48cbe7796af07a923236bcf96",
                "sha256:66dd45eb9530e3dde8f7c009f84568bc7cac489b93d04ac86e3111fb46e470c2",
                "sha256:6923d077d9ae9e8bacbdb1c07ae78405a9306c8fd1af13bfa06ca891095eb995",
                "sha256:833401b15de1bb92791d7b6fb353d4af60dc688eaa521bd97203dcd2d124a7c1",
                "sha256:8416ed88ddc057bab0526d4e4e9f3660f614ac2394b5e019a628cdfff3733849",
                "sha256:892daa86384994fdf4856cb43c93f40cbe80f7f95bb5da94971b39c7f54b3a9c",
                "sha256:98be759efdb5e5fa161e46d404f4e0ce388e72fbf7d9baf010aff16689e22abe",
                "sha256:a6d28e7f14ecf3b2ad67c4f106841218c8ab12a0683b1528534a6c87d2307af3",
                "sha256:b1d6ebc891607e71fd9da71688fcf332a6630b7f5b7f5549e6e631821c0e5d90",
                "sha256:b2a2b0d276a136146e012154baefaea2758ef1f56ae9f4e01c612b0831e0bd2f",
                "sha256:b87dfa9f10a470eee7f24234a37d1d5f51e5f5fa9eeffda7c282e2b8f5162eb1",
                "sha256:bac0d6f7728a9cc3c1e06d4fcbac12aaa70e9379b3025b27ec1226f0e2d404cf",
                "sha256:c991112622baee0ae4d55c008380c32ecfd0ad417bcd0417ba432e6ba7328caa",
                "sha256:cda422d54ee7905bfc53ee6915ab68fe7b230cacf581110df4272ee10462aadc",
                "sha256:d3148b6ba3923c5850ea197a91a42683f946dba7e8eb82dfa211ab7e708de939",
                "sha256:d6033b4ffa34ef70f0b8086fd4c3df4bf801fee485a8a7d4519399818351aa8e",
                "sha256:ddff0b2bd7edcc8c82d1adde6dbbf5e60d57ce985402541cd2985c27f7bec2a0",
                "sha256:e23cb7f1d8e0f93addf0cae3c5b6f00324cccb4a7949ee558d7b6ca973ab8ae9",
                "sha256:effd2ba52cee4ceff1a77f20d2a9f9bf8d50353c854a282b8760ac15b9833168",
                "sha256:f90c2267101010de42f7273c94a1f026e56cbc043f9330acd8a80e64300aba33",
                "sha256:f960375e9823ae6a07072ff7f8a85954e5a6434f97869f50d0e41649a1c8144f",
                "sha256:fcf32bf76dc25e30ed793145a57426064520890d7c02866eb93d3e4abe516948"
            ],
            "version": "==1.14.1"
        },
        "chardet": {
            "hashes": [
                "sha256:84ab92ed1c4d4f16916e05906b6b75a6c0fb5db821cc65e70cbd64a3e2a5eaae",
                "sha256:fc323ffcaeaed0e0a02bf4d117757b98aed530d9ed4531e3e15460124c106691"
            ],
            "version": "==3.0.4"
        },
        "click": {
            "hashes": [
                "sha256:2335065e6395b9e67ca716de5f7526736bfa6ceead690adf616d925bdc622b13",
                "sha256:5b94b49521f6456670fdb30cd82a4eca9412788a93fa6dd6df72c94d5a8ff2d7"
            ],
            "index": "pypi",
            "version": "==7.0"
        },
        "cryptography": {
            "hashes": [
                "sha256:02079a6addc7b5140ba0825f542c0869ff4df9a69c360e339ecead5baefa843c",
                "sha256:1df22371fbf2004c6f64e927668734070a8953362cd8370ddd336774d6743595",
                "sha256:369d2346db5934345787451504853ad9d342d7f721ae82d098083e1f49a582ad",
                "sha256:3cda1f0ed8747339bbdf71b9f38ca74c7b592f24f65cdb3ab3765e4b02871651",
                "sha256:44ff04138935882fef7c686878e1c8fd80a723161ad6a98da31e14b7553170c2",
                "sha256:4b1030728872c59687badcca1e225a9103440e467c17d6d1730ab3d2d64bfeff",
                "sha256:58363dbd966afb4f89b3b11dfb8ff200058fbc3b947507675c19ceb46104b48d",
                "sha256:6ec280fb24d27e3d97aa731e16207d58bd8ae94ef6eab97249a2afe4ba643d42",
                "sha256:7270a6c29199adc1297776937a05b59720e8a782531f1f122f2eb8467f9aab4d",
                "sha256:73fd30c57fa2d0a1d7a49c561c40c2f79c7d6c374cc7750e9ac7c99176f6428e",
                "sha256:7f09806ed4fbea8f51585231ba742b58cbcfbfe823ea197d8c89a5e433c7e912",
                "sha256:90df0cc93e1f8d2fba8365fb59a858f51a11a394d64dbf3ef844f783844cc793",
                "sha256:971221ed40f058f5662a604bd1ae6e4521d84e6cad0b7b170564cc34169c8f13",
                "sha256:a518c153a2b5ed6b8cc03f7ae79d5ffad7315ad4569b2d5333a13c38d64bd8d7",
                "sha256:b0de590a8b0979649ebeef8bb9f54394d3a41f66c5584fff4220901739b6b2f0",
                "sha256:b43f53f29816ba1db8525f006fa6f49292e9b029554b3eb56a189a70f2a40879",
                "sha256:d31402aad60ed889c7e57934a03477b572a03af7794fa8fb1780f21ea8f6551f",
                "sha256:de96157ec73458a7f14e3d26f17f8128c959084931e8997b9e655a39c8fde9f9",
                "sha256:df6b4dca2e11865e6cfbfb708e800efb18370f5a46fd601d3755bc7f85b3a8a2",
                "sha256:ecadccc7ba52193963c0475ac9f6fa28ac01e01349a2ca48509667ef41ffd2cf",
                "sha256:fb81c17e0ebe3358486cd8cc3ad78adbae58af12fc2bf2bc0bb84e8090fa5ce8"
            ],
            "index": "pypi",
            "version": "==2.8"
        },
        "h2": {
            "hashes": [
                "sha256:93cbd1013a2218539af05cdf9fc37b786655b93bbc94f5296b7dabd1c5cadf41",
                "sha256:af35878673c83a44afbc12b13ac91a489da2819b5dc1e11768f3c2406f740fe9"
            ],
            "version": "==2.6.2"
        },
        "hpack": {
            "hashes": [
                "sha256:0edd79eda27a53ba5be2dfabf3b15780928a0dff6eb0c60a3d6767720e970c89",
                "sha256:8eec9c1f4bfae3408a3f30500261f7e6a65912dc138526ea054f9ad98892e9d2"
            ],
            "version": "==3.0.0"
        },
        "httplib2": {
            "hashes": [
                "sha256:4f6988e6399a2546b525a037d56da34aed4d149bbdc0e78523018d5606c26e74",
                "sha256:b0e1f3ed76c97380fe2485bc47f25235453b40ef33ca5921bb2897e257a49c4c"
            ],
            "index": "pypi",
            "version": "==0.18.0"
        },
        "hyper": {
            "hashes": [
                "sha256:069514f54231fb7b5df2fb910a114663a83306d5296f588fffcb0a9be19407fc",
                "sha256:12c82eacd122a659673484c1ea0d34576430afbe5aa6b8f63fe37fcb06a2458c"
            ],
            "index": "pypi",
            "version": "==0.7.0"
        },
        "hyperframe": {
            "hashes": [
                "sha256:05f0e063e117c16fcdd13c12c93a4424a2c40668abfac3bb419a10f57698204e",
                "sha256:4dcab11967482d400853b396d042038e4c492a15a5d2f57259e2b5f89a32f755"
            ],
            "version": "==3.2.0"
        },
        "idna": {
            "hashes": [
                "sha256:c357b3f628cf53ae2c4c05627ecc484553142ca23264e593d327bcde5e9c3407",
                "sha256:ea8b7f6188e6fa117537c3df7da9fc686d485087abf6ac197f9c46432f7e4a3c"
            ],
            "version": "==2.8"
        },
        "netaddr": {
            "hashes": [
                "sha256:a1f5c9fcf75ac2579b9995c843dade33009543c04f218ff7c007b3c81695bd19",
                "sha256:c64c570ac612e20e8b8a6eee72034c924fff9d76c7a46f50a9f919085f1bfbed",
                "sha256:cb305179658334eb035860e515f054504e232b832abb4efc51c04bf8a72d3574"
            ],
            "index": "pypi",
            "version": "==0.7.18"
        },
        "oauth2client": {
            "hashes": [
                "sha256:b8a81cc5d60e2d364f0b1b98f958dbd472887acaf1a5b05e21c28c31a2d6d3ac",
                "sha256:d486741e451287f69568a4d26d70d9acd73a2bbfa275746c535b4209891cccc6"
            ],
            "index": "pypi",
            "version": "==4.1.3"
        },
        "pyasn1": {
            "hashes": [
                "sha256:39c7e2ec30515947ff4e87fb6f456dfc6e84857d34be479c9d4a4ba4bf46aa5d",
                "sha256:aef77c9fb94a3ac588e87841208bdec464471d9871bd5050a287cc9a475cd0ba"
            ],
            "version": "==0.4.8"
        },
        "pyasn1-modules": {
            "hashes": [
                "sha256:905f84c712230b2c592c19470d3ca8d552de726050d1d1716282a1f6146be65e",
                "sha256:a50b808ffeb97cb3601dd25981f6b016cbb3d31fbf57a8b8a87428e6158d0c74"
            ],
            "version": "==0.2.8"
        },
        "pycparser": {
            "hashes": [
                "sha256:2d475327684562c3a96cc71adf7dc8c4f0565175cf86b6d7a404ff4c771f15f0",
                "sha256:7582ad22678f0fcd81102833f60ef8d0e57288b6b5fb00323d101be910e35705"
            ],
            "version": "==2.20"
        },
        "pyjwt": {
            "hashes": [
                "sha256:5c6eca3c2940464d106b99ba83b00c6add741c9becaec087fb7ccdefea71350e",
                "sha256:8d59a976fb773f3e6a39c85636357c4f0e242707394cadadd9814f5cbaa20e96"
            ],
            "index": "pypi",
            "version": "==1.7.1"
        },
        "pymongo": {
            "hashes": [
                "sha256:0ce91b475d50b70388f512a2780bf91b0de643175d3f60bae3786ee4f133e751",
                "sha256:0f0e2cd634a5f97fe84b8a860c52e86cee488764031505cdc7c855f01fed7bd4",
                "sha256:166746d50df39c3d293ff26f18c64d728b4ac59b3d1940fb6475ad22820ba439",
                "sha256:1863a7ee4080388a7e247c7f8040c2a1e1288cecc3792cdcbe25a4b55a3f4a75",
                "sha256:2652d255b3a0b16a49c743879e882d6c3de40166282fa791075ad5db0285cbb4",
                "sha256:28be0827bd176c844fc0c06d99dae95bf0f720b6ff3616099f3ab6d0e1742602",
                "sha256:38fddffcd47b51415eef97290643dda4e72c7bf32af798df128d9ad94196f029",
                "sha256:39961f650fca9b3c6a8294a47707c328283d42e298712030b1992083900f00c3",
                "sha256:3eda499d1a6e584c448b8abb66c4cb7af02ba50f70a99a3063c4d9c460130e38",
                "sha256:41c892df7f67ec9aa76f4e1b4e093ac18d9a9ebafa6c60fc4e57db68eadb0d87",
                "sha256:4b68b6defa12b96e1087871e677ee8b9d67bbf57b1b70ee54ed19d2ee9dca538",
                "sha256:521676f3f2739a6b92d8d7bd7141653594e609b5827a382b0b9d76da69eefb2e",
                "sha256:57197ac3f47eeef633eec0ea46ddc3895904d0daf2bd271d85a5d691de539171",
                "sha256:6c2b1b2ec87873c1d1e38b32378ad428409264d674cceaf1552d557d7f961e57",
                "sha256:728a624a35383b147f2fca6051fb9604c7209ad0d9b65e35bf429e563d999e8a",
                "sha256:8077f89268d702dfae5a633a389f7775122e4146e05e9d6c8b0ee12c91e4d84c",
                "sha256:8946a46e3b9c4a7f0feb6909093594ab10771bda0fc4601901666b27043fc100",
                "sha256:8de6afe3aa34be4800a0bc49ce8f0d05c5e936b4ec297322e64bb6db8e5fd754",
                "sha256:906a13ad6081c5cb5c6862879bc22aa738a4ae12561c6b4ae64d2ff1b4fc47f5",
                "sha256:a02035ab7ebef71f7fc4aaa0c2344bcc7d74c6de64a000464184f8cb9496966f",
                "sha256:a11b456b549583d76a1ccca20a4a0ee710489e67753b3f3082cd929556693f31",
                "sha256:a516bddf391ccded8a9fe75672200bfedb20449e09661f3f785e8e695a6b15e4",
                "sha256:a7c3a6f32eb910fbdc0dde9aca9fb5407726cd21504d0a67334109f6aaade94e",
                "sha256:abbcbdabe9fd64b107f3aef5c68a20f22906c5f941e75b8414a026e8860af489",
                "sha256:bc2e6b5bc53269cad1f06ac32a86777a3b8761459f155c6bb14b25844720c0b1",
                "sha256:c612ed53c88071da75a4998add30971d9e90e80c83339c86e3be5ebd6913e32b",
                "sha256:cf8846fb59caffa587ba14da78f8fb23dba85017e009c1d752469b0005c444bf",
                "sha256:d0e516d07979c43a65927cd98c8bda84c7620f09658e9f424ebfff8f28994f77",
                "sha256:d2701658ea78ad484cd077fecb68de130de9a4ed784cc0a62d8d1d549d2b3fff",
                "sha256:d3aabb3dfc564d4b797c3805f3f3b4ce24de6c7150041f9caad536f4c672110b",
                "sha256:dd647f898031efefc093c14960b531ce13c10cd704dc0b43604cb93b168719e5",
                "sha256:e820d93414f3bec1fa456c84afbd4af1b43ff41366321619db74e6bc065d6924",
                "sha256:ef5dc292d27cb65a04776eaf0c9b5e6a87d6fd03f272a7043816fb8b946f4d8d",
                "sha256:fd22e54beb634e3568638862f305ccd3a78a89fa14a2b62397255b3510eb6bca",
                "sha256:ffaf9e135f9321423ac50035c4e3854b4f668e5a46c81d2e3341ae0504279ba3"
            ],
            "index": "pypi",
            "version": "==3.5.1"
        },
        "requests": {
            "hashes": [
                "sha256:502a824f31acdacb3a35b6690b5fbf0bc41d63a24a45c4004352b0242707598e",
                "sha256:7bf2a778576d825600030a110f3c0e3e8edc51dfaafe1c146e39a2027784957b"
            ],
            "index": "pypi",
            "version": "==2.21.0"
        },
        "rsa": {
            "hashes": [
                "sha256:109ea5a66744dd859bf16fe904b8d8b627adafb9408753161e766a92e7d681fa",
                "sha256:6166864e23d6b5195a5cfed6cd9fed0fe774e226d8f854fcb23b7bbef0350233"
            ],
            "version": "==4.6"
        },
        "sentry-sdk": {
            "hashes": [
                "sha256:09e1e8f00f22ea580348f83bbbd880adf40b29f1dec494a8e4b33e22f77184fb",
                "sha256:ff1fa7fb85703ae9414c8b427ee73f8363232767c9cd19158f08f6e4f0b58fc7"
            ],
            "index": "pypi",
            "version": "==0.13.2"
        },
        "six": {
            "hashes": [
                "sha256:30639c035cdb23534cd4aa2dd52c3bf48f06e5f4a941509c8bafd8ce11080259",
                "sha256:8b74bedcbbbaca38ff6d7491d76f2b06b3592611af620f8426e82dddb04a5ced"
            ],
            "version": "==1.15.0"
        },
        "tornado": {
            "hashes": [
                "sha256:349884248c36801afa19e342a77cc4458caca694b0eda633f5878e458a44cb2c",
                "sha256:398e0d35e086ba38a0427c3b37f4337327231942e731edaa6e9fd1865bbd6f60",
                "sha256:4e73ef678b1a859f0cb29e1d895526a20ea64b5ffd510a2307b5998c7df24281",
                "sha256:559bce3d31484b665259f50cd94c5c28b961b09315ccd838f284687245f416e5",
                "sha256:abbe53a39734ef4aba061fca54e30c6b4639d3e1f59653f0da37a0003de148c7",
                "sha256:c845db36ba616912074c5b1ee897f8e0124df269468f25e4fe21fe72f6edd7a9",
                "sha256:c9399267c926a4e7c418baa5cbe91c7d1cf362d505a1ef898fde44a07c9dd8a5"
            ],
            "index": "pypi",
            "version": "==6.0.3"
        },
        "urllib3": {
            "hashes": [
                "sha256:2393a695cd12afedd0dcb26fe5d50d0cf248e5a66f75dbd89a3d4eb333a61af4",
                "sha256:a637e5fae88995b256e3409dc4d52c2e2e0ba32c42a6365fee8bbd2238de3cfb"
            ],
            "version": "==1.24.3"
        }
    },
    "develop": {}
}
